// !$*UTF8*$!
{
	archiveVersion = 1;
	classes = {
	};
	objectVersion = 50;
	objects = {

/* Begin PBXBuildFile section */
		906B84EB2362D36A001DB6A7 /* ImageGalleryTableViewCell.swift in Sources */ = {isa = PBXBuildFile; fileRef = 906B84EA2362D36A001DB6A7 /* ImageGalleryTableViewCell.swift */; };
		906B84ED23631DBD001DB6A7 /* ImageViewController.swift in Sources */ = {isa = PBXBuildFile; fileRef = 906B84EC23631DBD001DB6A7 /* ImageViewController.swift */; };
		9070EBD7235D72AB006678F3 /* AppDelegate.swift in Sources */ = {isa = PBXBuildFile; fileRef = 9070EBD6235D72AB006678F3 /* AppDelegate.swift */; };
		9070EBD9235D72AB006678F3 /* SceneDelegate.swift in Sources */ = {isa = PBXBuildFile; fileRef = 9070EBD8235D72AB006678F3 /* SceneDelegate.swift */; };
		9070EBDE235D72AB006678F3 /* Main.storyboard in Resources */ = {isa = PBXBuildFile; fileRef = 9070EBDC235D72AB006678F3 /* Main.storyboard */; };
		9070EBE0235D72AC006678F3 /* Assets.xcassets in Resources */ = {isa = PBXBuildFile; fileRef = 9070EBDF235D72AC006678F3 /* Assets.xcassets */; };
		9070EBE3235D72AC006678F3 /* LaunchScreen.storyboard in Resources */ = {isa = PBXBuildFile; fileRef = 9070EBE1235D72AC006678F3 /* LaunchScreen.storyboard */; };
		9070EBEC235D72DD006678F3 /* ImageGalleryViewController.swift in Sources */ = {isa = PBXBuildFile; fileRef = 9070EBEB235D72DD006678F3 /* ImageGalleryViewController.swift */; };
		9070EBEE235D7995006678F3 /* ImageCollectionViewCell.swift in Sources */ = {isa = PBXBuildFile; fileRef = 9070EBED235D7995006678F3 /* ImageCollectionViewCell.swift */; };
		9070EBF0235D7AD9006678F3 /* ImageGallery.swift in Sources */ = {isa = PBXBuildFile; fileRef = 9070EBEF235D7AD9006678F3 /* ImageGallery.swift */; };
		9070EBF2235D86D0006678F3 /* Fail_Icon.png in Resources */ = {isa = PBXBuildFile; fileRef = 9070EBF1235D86D0006678F3 /* Fail_Icon.png */; };
		9070EBF4235DEB13006678F3 /* ImageGalleryTableViewController.swift in Sources */ = {isa = PBXBuildFile; fileRef = 9070EBF3235DEB13006678F3 /* ImageGalleryTableViewController.swift */; };
		9070EBF6235E0695006678F3 /* Utilities.swift in Sources */ = {isa = PBXBuildFile; fileRef = 9070EBF5235E0695006678F3 /* Utilities.swift */; };
/* End PBXBuildFile section */

/* Begin PBXFileReference section */
		906B84EA2362D36A001DB6A7 /* ImageGalleryTableViewCell.swift */ = {isa = PBXFileReference; lastKnownFileType = sourcecode.swift; path = ImageGalleryTableViewCell.swift; sourceTree = "<group>"; };
		906B84EC23631DBD001DB6A7 /* ImageViewController.swift */ = {isa = PBXFileReference; lastKnownFileType = sourcecode.swift; path = ImageViewController.swift; sourceTree = "<group>"; };
		9070EBD3235D72AB006678F3 /* ImageGallery.app */ = {isa = PBXFileReference; explicitFileType = wrapper.application; includeInIndex = 0; path = ImageGallery.app; sourceTree = BUILT_PRODUCTS_DIR; };
		9070EBD6235D72AB006678F3 /* AppDelegate.swift */ = {isa = PBXFileReference; lastKnownFileType = sourcecode.swift; path = AppDelegate.swift; sourceTree = "<group>"; };
		9070EBD8235D72AB006678F3 /* SceneDelegate.swift */ = {isa = PBXFileReference; lastKnownFileType = sourcecode.swift; path = SceneDelegate.swift; sourceTree = "<group>"; };
		9070EBDD235D72AB006678F3 /* Base */ = {isa = PBXFileReference; lastKnownFileType = file.storyboard; name = Base; path = Base.lproj/Main.storyboard; sourceTree = "<group>"; };
		9070EBDF235D72AC006678F3 /* Assets.xcassets */ = {isa = PBXFileReference; lastKnownFileType = folder.assetcatalog; path = Assets.xcassets; sourceTree = "<group>"; };
		9070EBE2235D72AC006678F3 /* Base */ = {isa = PBXFileReference; lastKnownFileType = file.storyboard; name = Base; path = Base.lproj/LaunchScreen.storyboard; sourceTree = "<group>"; };
		9070EBE4235D72AC006678F3 /* Info.plist */ = {isa = PBXFileReference; lastKnownFileType = text.plist.xml; path = Info.plist; sourceTree = "<group>"; };
		9070EBEB235D72DD006678F3 /* ImageGalleryViewController.swift */ = {isa = PBXFileReference; lastKnownFileType = sourcecode.swift; path = ImageGalleryViewController.swift; sourceTree = "<group>"; };
		9070EBED235D7995006678F3 /* ImageCollectionViewCell.swift */ = {isa = PBXFileReference; lastKnownFileType = sourcecode.swift; path = ImageCollectionViewCell.swift; sourceTree = "<group>"; };
		9070EBEF235D7AD9006678F3 /* ImageGallery.swift */ = {isa = PBXFileReference; lastKnownFileType = sourcecode.swift; path = ImageGallery.swift; sourceTree = "<group>"; };
		9070EBF1235D86D0006678F3 /* Fail_Icon.png */ = {isa = PBXFileReference; lastKnownFileType = image.png; path = Fail_Icon.png; sourceTree = "<group>"; };
		9070EBF3235DEB13006678F3 /* ImageGalleryTableViewController.swift */ = {isa = PBXFileReference; lastKnownFileType = sourcecode.swift; path = ImageGalleryTableViewController.swift; sourceTree = "<group>"; };
		9070EBF5235E0695006678F3 /* Utilities.swift */ = {isa = PBXFileReference; lastKnownFileType = sourcecode.swift; path = Utilities.swift; sourceTree = "<group>"; };
/* End PBXFileReference section */

/* Begin PBXFrameworksBuildPhase section */
		9070EBD0235D72AB006678F3 /* Frameworks */ = {
			isa = PBXFrameworksBuildPhase;
			buildActionMask = 2147483647;
			files = (
			);
			runOnlyForDeploymentPostprocessing = 0;
		};
/* End PBXFrameworksBuildPhase section */

/* Begin PBXGroup section */
		9070EBCA235D72AB006678F3 = {
			isa = PBXGroup;
			children = (
				9070EBD5235D72AB006678F3 /* ImageGallery */,
				9070EBD4235D72AB006678F3 /* Products */,
			);
			sourceTree = "<group>";
		};
		9070EBD4235D72AB006678F3 /* Products */ = {
			isa = PBXGroup;
			children = (
				9070EBD3235D72AB006678F3 /* ImageGallery.app */,
			);
			name = Products;
			sourceTree = "<group>";
		};
		9070EBD5235D72AB006678F3 /* ImageGallery */ = {
			isa = PBXGroup;
			children = (
				9070EBEA235D72B5006678F3 /* Supporting Files */,
				9070EBDC235D72AB006678F3 /* Main.storyboard */,
				9070EBF3235DEB13006678F3 /* ImageGalleryTableViewController.swift */,
				906B84EA2362D36A001DB6A7 /* ImageGalleryTableViewCell.swift */,
				9070EBEB235D72DD006678F3 /* ImageGalleryViewController.swift */,
				9070EBED235D7995006678F3 /* ImageCollectionViewCell.swift */,
				906B84EC23631DBD001DB6A7 /* ImageViewController.swift */,
				9070EBEF235D7AD9006678F3 /* ImageGallery.swift */,
				9070EBF5235E0695006678F3 /* Utilities.swift */,
				9070EBE4235D72AC006678F3 /* Info.plist */,
				9070EBF1235D86D0006678F3 /* Fail_Icon.png */,
			);
			path = ImageGallery;
			sourceTree = "<group>";
		};
		9070EBEA235D72B5006678F3 /* Supporting Files */ = {
			isa = PBXGroup;
			children = (
				9070EBD6235D72AB006678F3 /* AppDelegate.swift */,
				9070EBD8235D72AB006678F3 /* SceneDelegate.swift */,
				9070EBDF235D72AC006678F3 /* Assets.xcassets */,
				9070EBE1235D72AC006678F3 /* LaunchScreen.storyboard */,
			);
			path = "Supporting Files";
			sourceTree = "<group>";
		};
/* End PBXGroup section */

/* Begin PBXNativeTarget section */
		9070EBD2235D72AB006678F3 /* ImageGallery */ = {
			isa = PBXNativeTarget;
			buildConfigurationList = 9070EBE7235D72AC006678F3 /* Build configuration list for PBXNativeTarget "ImageGallery" */;
			buildPhases = (
				9070EBCF235D72AB006678F3 /* Sources */,
				9070EBD0235D72AB006678F3 /* Frameworks */,
				9070EBD1235D72AB006678F3 /* Resources */,
			);
			buildRules = (
			);
			dependencies = (
			);
			name = ImageGallery;
			productName = ImageGallery;
			productReference = 9070EBD3235D72AB006678F3 /* ImageGallery.app */;
			productType = "com.apple.product-type.application";
		};
/* End PBXNativeTarget section */

/* Begin PBXProject section */
		9070EBCB235D72AB006678F3 /* Project object */ = {
			isa = PBXProject;
			attributes = {
				LastSwiftUpdateCheck = 1100;
				LastUpgradeCheck = 1100;
				ORGANIZATIONNAME = JiyeonKim;
				TargetAttributes = {
					9070EBD2235D72AB006678F3 = {
						CreatedOnToolsVersion = 11.0;
					};
				};
			};
			buildConfigurationList = 9070EBCE235D72AB006678F3 /* Build configuration list for PBXProject "ImageGallery" */;
			compatibilityVersion = "Xcode 9.3";
			developmentRegion = en;
			hasScannedForEncodings = 0;
			knownRegions = (
				en,
				Base,
			);
			mainGroup = 9070EBCA235D72AB006678F3;
			productRefGroup = 9070EBD4235D72AB006678F3 /* Products */;
			projectDirPath = "";
			projectRoot = "";
			targets = (
				9070EBD2235D72AB006678F3 /* ImageGallery */,
			);
		};
/* End PBXProject section */

/* Begin PBXResourcesBuildPhase section */
		9070EBD1235D72AB006678F3 /* Resources */ = {
			isa = PBXResourcesBuildPhase;
			buildActionMask = 2147483647;
			files = (
				9070EBF2235D86D0006678F3 /* Fail_Icon.png in Resources */,
				9070EBE3235D72AC006678F3 /* LaunchScreen.storyboard in Resources */,
				9070EBE0235D72AC006678F3 /* Assets.xcassets in Resources */,
				9070EBDE235D72AB006678F3 /* Main.storyboard in Resources */,
			);
			runOnlyForDeploymentPostprocessing = 0;
		};
/* End PBXResourcesBuildPhase section */

/* Begin PBXSourcesBuildPhase section */
		9070EBCF235D72AB006678F3 /* Sources */ = {
			isa = PBXSourcesBuildPhase;
			buildActionMask = 2147483647;
			files = (
				906B84EB2362D36A001DB6A7 /* ImageGalleryTableViewCell.swift in Sources */,
				906B84ED23631DBD001DB6A7 /* ImageViewController.swift in Sources */,
				9070EBD7235D72AB006678F3 /* AppDelegate.swift in Sources */,
				9070EBD9235D72AB006678F3 /* SceneDelegate.swift in Sources */,
				9070EBF6235E0695006678F3 /* Utilities.swift in Sources */,
				9070EBF4235DEB13006678F3 /* ImageGalleryTableViewController.swift in Sources */,
				9070EBEE235D7995006678F3 /* ImageCollectionViewCell.swift in Sources */,
				9070EBEC235D72DD006678F3 /* ImageGalleryViewController.swift in Sources */,
				9070EBF0235D7AD9006678F3 /* ImageGallery.swift in Sources */,
			);
			runOnlyForDeploymentPostprocessing = 0;
		};
/* End PBXSourcesBuildPhase section */

/* Begin PBXVariantGroup section */
		9070EBDC235D72AB006678F3 /* Main.storyboard */ = {
			isa = PBXVariantGroup;
			children = (
				9070EBDD235D72AB006678F3 /* Base */,
			);
			name = Main.storyboard;
			sourceTree = "<group>";
		};
		9070EBE1235D72AC006678F3 /* LaunchScreen.storyboard */ = {
			isa = PBXVariantGroup;
			children = (
				9070EBE2235D72AC006678F3 /* Base */,
			);
			name = LaunchScreen.storyboard;
			sourceTree = "<group>";
		};
/* End PBXVariantGroup section */

/* Begin XCBuildConfiguration section */
		9070EBE5235D72AC006678F3 /* Debug */ = {
			isa = XCBuildConfiguration;
			buildSettings = {
				ALWAYS_SEARCH_USER_PATHS = NO;
				CLANG_ANALYZER_NONNULL = YES;
				CLANG_ANALYZER_NUMBER_OBJECT_CONVERSION = YES_AGGRESSIVE;
				CLANG_CXX_LANGUAGE_STANDARD = "gnu++14";
				CLANG_CXX_LIBRARY = "libc++";
				CLANG_ENABLE_MODULES = YES;
				CLANG_ENABLE_OBJC_ARC = YES;
				CLANG_ENABLE_OBJC_WEAK = YES;
				CLANG_WARN_BLOCK_CAPTURE_AUTORELEASING = YES;
				CLANG_WARN_BOOL_CONVERSION = YES;
				CLANG_WARN_COMMA = YES;
				CLANG_WARN_CONSTANT_CONVERSION = YES;
				CLANG_WARN_DEPRECATED_OBJC_IMPLEMENTATIONS = YES;
				CLANG_WARN_DIRECT_OBJC_ISA_USAGE = YES_ERROR;
				CLANG_WARN_DOCUMENTATION_COMMENTS = YES;
				CLANG_WARN_EMPTY_BODY = YES;
				CLANG_WARN_ENUM_CONVERSION = YES;
				CLANG_WARN_INFINITE_RECURSION = YES;
				CLANG_WARN_INT_CONVERSION = YES;
				CLANG_WARN_NON_LITERAL_NULL_CONVERSION = YES;
				CLANG_WARN_OBJC_IMPLICIT_RETAIN_SELF = YES;
				CLANG_WARN_OBJC_LITERAL_CONVERSION = YES;
				CLANG_WARN_OBJC_ROOT_CLASS = YES_ERROR;
				CLANG_WARN_RANGE_LOOP_ANALYSIS = YES;
				CLANG_WARN_STRICT_PROTOTYPES = YES;
				CLANG_WARN_SUSPICIOUS_MOVE = YES;
				CLANG_WARN_UNGUARDED_AVAILABILITY = YES_AGGRESSIVE;
				CLANG_WARN_UNREACHABLE_CODE = YES;
				CLANG_WARN__DUPLICATE_METHOD_MATCH = YES;
				COPY_PHASE_STRIP = NO;
				DEBUG_INFORMATION_FORMAT = dwarf;
				ENABLE_STRICT_OBJC_MSGSEND = YES;
				ENABLE_TESTABILITY = YES;
				GCC_C_LANGUAGE_STANDARD = gnu11;
				GCC_DYNAMIC_NO_PIC = NO;
				GCC_NO_COMMON_BLOCKS = YES;
				GCC_OPTIMIZATION_LEVEL = 0;
				GCC_PREPROCESSOR_DEFINITIONS = (
					"DEBUG=1",
					"$(inherited)",
				);
				GCC_WARN_64_TO_32_BIT_CONVERSION = YES;
				GCC_WARN_ABOUT_RETURN_TYPE = YES_ERROR;
				GCC_WARN_UNDECLARED_SELECTOR = YES;
				GCC_WARN_UNINITIALIZED_AUTOS = YES_AGGRESSIVE;
				GCC_WARN_UNUSED_FUNCTION = YES;
				GCC_WARN_UNUSED_VARIABLE = YES;
				IPHONEOS_DEPLOYMENT_TARGET = 13.0;
				MTL_ENABLE_DEBUG_INFO = INCLUDE_SOURCE;
				MTL_FAST_MATH = YES;
				ONLY_ACTIVE_ARCH = YES;
				SDKROOT = iphoneos;
				SWIFT_ACTIVE_COMPILATION_CONDITIONS = DEBUG;
				SWIFT_OPTIMIZATION_LEVEL = "-Onone";
			};
			name = Debug;
		};
		9070EBE6235D72AC006678F3 /* Release */ = {
			isa = XCBuildConfiguration;
			buildSettings = {
				ALWAYS_SEARCH_USER_PATHS = NO;
				CLANG_ANALYZER_NONNULL = YES;
				CLANG_ANALYZER_NUMBER_OBJECT_CONVERSION = YES_AGGRESSIVE;
				CLANG_CXX_LANGUAGE_STANDARD = "gnu++14";
				CLANG_CXX_LIBRARY = "libc++";
				CLANG_ENABLE_MODULES = YES;
				CLANG_ENABLE_OBJC_ARC = YES;
				CLANG_ENABLE_OBJC_WEAK = YES;
				CLANG_WARN_BLOCK_CAPTURE_AUTORELEASING = YES;
				CLANG_WARN_BOOL_CONVERSION = YES;
				CLANG_WARN_COMMA = YES;
				CLANG_WARN_CONSTANT_CONVERSION = YES;
				CLANG_WARN_DEPRECATED_OBJC_IMPLEMENTATIONS = YES;
				CLANG_WARN_DIRECT_OBJC_ISA_USAGE = YES_ERROR;
				CLANG_WARN_DOCUMENTATION_COMMENTS = YES;
				CLANG_WARN_EMPTY_BODY = YES;
				CLANG_WARN_ENUM_CONVERSION = YES;
				CLANG_WARN_INFINITE_RECURSION = YES;
				CLANG_WARN_INT_CONVERSION = YES;
				CLANG_WARN_NON_LITERAL_NULL_CONVERSION = YES;
				CLANG_WARN_OBJC_IMPLICIT_RETAIN_SELF = YES;
				CLANG_WARN_OBJC_LITERAL_CONVERSION = YES;
				CLANG_WARN_OBJC_ROOT_CLASS = YES_ERROR;
				CLANG_WARN_RANGE_LOOP_ANALYSIS = YES;
				CLANG_WARN_STRICT_PROTOTYPES = YES;
				CLANG_WARN_SUSPICIOUS_MOVE = YES;
				CLANG_WARN_UNGUARDED_AVAILABILITY = YES_AGGRESSIVE;
				CLANG_WARN_UNREACHABLE_CODE = YES;
				CLANG_WARN__DUPLICATE_METHOD_MATCH = YES;
				COPY_PHASE_STRIP = NO;
				DEBUG_INFORMATION_FORMAT = "dwarf-with-dsym";
				ENABLE_NS_ASSERTIONS = NO;
				ENABLE_STRICT_OBJC_MSGSEND = YES;
				GCC_C_LANGUAGE_STANDARD = gnu11;
				GCC_NO_COMMON_BLOCKS = YES;
				GCC_WARN_64_TO_32_BIT_CONVERSION = YES;
				GCC_WARN_ABOUT_RETURN_TYPE = YES_ERROR;
				GCC_WARN_UNDECLARED_SELECTOR = YES;
				GCC_WARN_UNINITIALIZED_AUTOS = YES_AGGRESSIVE;
				GCC_WARN_UNUSED_FUNCTION = YES;
				GCC_WARN_UNUSED_VARIABLE = YES;
				IPHONEOS_DEPLOYMENT_TARGET = 13.0;
				MTL_ENABLE_DEBUG_INFO = NO;
				MTL_FAST_MATH = YES;
				SDKROOT = iphoneos;
				SWIFT_COMPILATION_MODE = wholemodule;
				SWIFT_OPTIMIZATION_LEVEL = "-O";
				VALIDATE_PRODUCT = YES;
			};
			name = Release;
		};
		9070EBE8235D72AC006678F3 /* Debug */ = {
			isa = XCBuildConfiguration;
			buildSettings = {
				ASSETCATALOG_COMPILER_APPICON_NAME = AppIcon;
				CODE_SIGN_STYLE = Automatic;
				DEVELOPMENT_TEAM = C5Y2CH62YY;
				INFOPLIST_FILE = ImageGallery/Info.plist;
				LD_RUNPATH_SEARCH_PATHS = (
					"$(inherited)",
					"@executable_path/Frameworks",
				);
				PRODUCT_BUNDLE_IDENTIFIER = kr.jiyeon.ImageGallery;
				PRODUCT_NAME = "$(TARGET_NAME)";
				SWIFT_VERSION = 5.0;
				TARGETED_DEVICE_FAMILY = "1,2";
			};
			name = Debug;
		};
		9070EBE9235D72AC006678F3 /* Release */ = {
			isa = XCBuildConfiguration;
			buildSettings = {
				ASSETCATALOG_COMPILER_APPICON_NAME = AppIcon;
				CODE_SIGN_STYLE = Automatic;
				DEVELOPMENT_TEAM = C5Y2CH62YY;
				INFOPLIST_FILE = ImageGallery/Info.plist;
				LD_RUNPATH_SEARCH_PATHS = (
					"$(inherited)",
					"@executable_path/Frameworks",
				);
				PRODUCT_BUNDLE_IDENTIFIER = kr.jiyeon.ImageGallery;
				PRODUCT_NAME = "$(TARGET_NAME)";
				SWIFT_VERSION = 5.0;
				TARGETED_DEVICE_FAMILY = "1,2";
			};
			name = Release;
		};
/* End XCBuildConfiguration section */

/* Begin XCConfigurationList section */
		9070EBCE235D72AB006678F3 /* Build configuration list for PBXProject "ImageGallery" */ = {
			isa = XCConfigurationList;
			buildConfigurations = (
				9070EBE5235D72AC006678F3 /* Debug */,
				9070EBE6235D72AC006678F3 /* Release */,
			);
			defaultConfigurationIsVisible = 0;
			defaultConfigurationName = Release;
		};
		9070EBE7235D72AC006678F3 /* Build configuration list for PBXNativeTarget "ImageGallery" */ = {
			isa = XCConfigurationList;
			buildConfigurations = (
				9070EBE8235D72AC006678F3 /* Debug */,
				9070EBE9235D72AC006678F3 /* Release */,
			);
			defaultConfigurationIsVisible = 0;
			defaultConfigurationName = Release;
		};
/* End XCConfigurationList section */
	};
	rootObject = 9070EBCB235D72AB006678F3 /* Project object */;
}
